
Microsoft Visual Studio Solution File, Format Version 11.00
# Visual Studio 2010
Project("{FAE04EC0-301F-11D3-BF4B-00C04F79EFBC}") = "DevLair", "DevLair\DevLair.csproj", "{0F2A953F-3989-4767-917F-C4C9A66990E6}"
EndProject
Project("{FAE04EC0-301F-11D3-BF4B-00C04F79EFBC}") = "DevLair.Tests", "DevLair.Tests\DevLair.Tests.csproj", "{45CD4AA0-453D-4941-B9E0-220FF9202E32}"
	ProjectSection(ProjectDependencies) = postProject
		{9B45F3AA-7875-444E-B9EB-D1934F9A5777} = {9B45F3AA-7875-444E-B9EB-D1934F9A5777}
	EndProjectSection
EndProject
Project("{FAE04EC0-301F-11D3-BF4B-00C04F79EFBC}") = "DevLair.ORM", "DevLair.ORM\DevLair.ORM.csproj", "{FAF231EA-2C47-484C-9099-9327F46A2B09}"
EndProject
Project("{FAE04EC0-301F-11D3-BF4B-00C04F79EFBC}") = "nCrypto", "..\..\nCrypto\nCrypto.csproj", "{9B45F3AA-7875-444E-B9EB-D1934F9A5777}"
EndProject
Project("{FAE04EC0-301F-11D3-BF4B-00C04F79EFBC}") = "DevLair.Core", "DevLair.Core\DevLair.Core.csproj", "{FD9F7D6B-7C1A-43C0-9816-30B7CFB08387}"
EndProject
Global
	GlobalSection(SolutionConfigurationPlatforms) = preSolution
		Debug|Any CPU = Debug|Any CPU
		Release|Any CPU = Release|Any CPU
	EndGlobalSection
	GlobalSection(ProjectConfigurationPlatforms) = postSolution
		{0F2A953F-3989-4767-917F-C4C9A66990E6}.Debug|Any CPU.ActiveCfg = Debug|Any CPU
		{0F2A953F-3989-4767-917F-C4C9A66990E6}.Debug|Any CPU.Build.0 = Debug|Any CPU
		{0F2A953F-3989-4767-917F-C4C9A66990E6}.Release|Any CPU.ActiveCfg = Release|Any CPU
		{0F2A953F-3989-4767-917F-C4C9A66990E6}.Release|Any CPU.Build.0 = Release|Any CPU
		{45CD4AA0-453D-4941-B9E0-220FF9202E32}.Debug|Any CPU.ActiveCfg = Debug|Any CPU
		{45CD4AA0-453D-4941-B9E0-220FF9202E32}.Debug|Any CPU.Build.0 = Debug|Any CPU
		{45CD4AA0-453D-4941-B9E0-220FF9202E32}.Release|Any CPU.ActiveCfg = Release|Any CPU
		{45CD4AA0-453D-4941-B9E0-220FF9202E32}.Release|Any CPU.Build.0 = Release|Any CPU
		{FAF231EA-2C47-484C-9099-9327F46A2B09}.Debug|Any CPU.ActiveCfg = Debug|Any CPU
		{FAF231EA-2C47-484C-9099-9327F46A2B09}.Debug|Any CPU.Build.0 = Debug|Any CPU
		{FAF231EA-2C47-484C-9099-9327F46A2B09}.Release|Any CPU.ActiveCfg = Release|Any CPU
		{FAF231EA-2C47-484C-9099-9327F46A2B09}.Release|Any CPU.Build.0 = Release|Any CPU
		{9B45F3AA-7875-444E-B9EB-D1934F9A5777}.Debug|Any CPU.ActiveCfg = Debug|Any CPU
		{9B45F3AA-7875-444E-B9EB-D1934F9A5777}.Debug|Any CPU.Build.0 = Debug|Any CPU
		{9B45F3AA-7875-444E-B9EB-D1934F9A5777}.Release|Any CPU.ActiveCfg = Release|Any CPU
		{9B45F3AA-7875-444E-B9EB-D1934F9A5777}.Release|Any CPU.Build.0 = Release|Any CPU
		{FD9F7D6B-7C1A-43C0-9816-30B7CFB08387}.Debug|Any CPU.ActiveCfg = Debug|Any CPU
		{FD9F7D6B-7C1A-43C0-9816-30B7CFB08387}.Debug|Any CPU.Build.0 = Debug|Any CPU
		{FD9F7D6B-7C1A-43C0-9816-30B7CFB08387}.Release|Any CPU.ActiveCfg = Release|Any CPU
		{FD9F7D6B-7C1A-43C0-9816-30B7CFB08387}.Release|Any CPU.Build.0 = Release|Any CPU
	EndGlobalSection
	GlobalSection(SolutionProperties) = preSolution
		HideSolutionNode = FALSE
	EndGlobalSection
EndGlobal
